<?xml version="1.0" encoding="utf-8"?>
<Project ToolsVersion="4.0" xmlns="http://schemas.microsoft.com/developer/msbuild/2003">
  <ItemGroup>
    <ClCompile Include="Core\Aimbot\Aimbot.cpp">
      <Filter>Core\Aimbot</Filter>
    </ClCompile>
    <ClCompile Include="Core\Autowall\Autowall.cpp">
      <Filter>Core\Autowall</Filter>
    </ClCompile>
    <ClCompile Include="Core\Mathematics\Mathematics.cpp">
      <Filter>Core\Mathematics</Filter>
    </ClCompile>
    <ClCompile Include="ImGui\imgui.cpp">
      <Filter>ImGui</Filter>
    </ClCompile>
    <ClCompile Include="ImGui\imgui_draw.cpp">
      <Filter>ImGui</Filter>
    </ClCompile>
    <ClCompile Include="ImGui\imgui_widgets.cpp">
      <Filter>ImGui</Filter>
    </ClCompile>
    <ClCompile Include="ImGui\DX11\imgui_impl_dx11.cpp">
      <Filter>ImGui\DX11</Filter>
    </ClCompile>
    <ClCompile Include="ImGui\Win32\imgui_impl_win32.cpp">
      <Filter>ImGui\Win32</Filter>
    </ClCompile>
    <ClCompile Include="Core\MainGUI.cpp">
      <Filter>Core</Filter>
    </ClCompile>
    <ClCompile Include="Core\AntiAim\AntiAim.cpp">
      <Filter>Core\AntiAim</Filter>
    </ClCompile>
    <ClCompile Include="Core\Host\Host.cpp">
      <Filter>Core\Host</Filter>
    </ClCompile>
    <ClCompile Include="Core\TargetList\TargetList.cpp">
      <Filter>Core\TargetList</Filter>
    </ClCompile>
    <ClCompile Include="Core\Hooks.cpp">
      <Filter>Core</Filter>
    </ClCompile>
    <ClCompile Include="Core\Packets\Packets.cpp">
      <Filter>Core\Packets</Filter>
    </ClCompile>
    <ClCompile Include="Core\Drawing\Drawing.cpp">
      <Filter>Core\Drawing</Filter>
    </ClCompile>
    <ClCompile Include="Core\Console\Console.cpp">
      <Filter>Core\Console</Filter>
    </ClCompile>
    <ClCompile Include="ImGui\Addons\FileSystem\imguifilesystem.cpp">
      <Filter>ImGui\Addons\FileSystem</Filter>
    </ClCompile>
    <ClCompile Include="ImGui\Addons\TabWindow\imguitabwindow.cpp">
      <Filter>ImGui\Addons\TabWindow</Filter>
    </ClCompile>
    <ClCompile Include="Core\Removals\Removals.cpp">
      <Filter>Core\Removals</Filter>
    </ClCompile>
    <ClCompile Include="Core\Profiler\Profiler.cpp">
      <Filter>Core\Profiler</Filter>
    </ClCompile>
    <ClCompile Include="Core\Profiler\RapidXML\Utilities\FileUtility.cpp">
      <Filter>Core\Profiler\RapidXML\Utilities</Filter>
    </ClCompile>
    <ClCompile Include="ImGui\Addons\WICTextureLoader.cpp">
      <Filter>ImGui\Addons</Filter>
    </ClCompile>
    <ClCompile Include="DllMain.cpp" />
  </ItemGroup>
  <ItemGroup>
    <ClInclude Include="Core\Aimbot\Aimbot.h">
      <Filter>Core\Aimbot</Filter>
    </ClInclude>
    <ClInclude Include="Core\Engine\Engine.hpp">
      <Filter>Core\Engine</Filter>
    </ClInclude>
    <ClInclude Include="Core\Engine\Thunk.hpp">
      <Filter>Core\Engine</Filter>
    </ClInclude>
    <ClInclude Include="Core\Autowall\Autowall.h">
      <Filter>Core\Autowall</Filter>
    </ClInclude>
    <ClInclude Include="Core\Mathematics\Mathematics.h">
      <Filter>Core\Mathematics</Filter>
    </ClInclude>
    <ClInclude Include="ImGui\imconfig.h">
      <Filter>ImGui</Filter>
    </ClInclude>
    <ClInclude Include="ImGui\imgui.h">
      <Filter>ImGui</Filter>
    </ClInclude>
    <ClInclude Include="ImGui\imgui_internal.h">
      <Filter>ImGui</Filter>
    </ClInclude>
    <ClInclude Include="ImGui\Addons\dirent_portable.h">
      <Filter>ImGui\Addons</Filter>
    </ClInclude>
    <ClInclude Include="ImGui\DX11\imgui_impl_dx11.h">
      <Filter>ImGui\DX11</Filter>
    </ClInclude>
    <ClInclude Include="ImGui\Win32\imgui_impl_win32.h">
      <Filter>ImGui\Win32</Filter>
    </ClInclude>
    <ClInclude Include="ImGui\STB\imstb_rectpack.h">
      <Filter>ImGui\STB</Filter>
    </ClInclude>
    <ClInclude Include="ImGui\STB\imstb_textedit.h">
      <Filter>ImGui\STB</Filter>
    </ClInclude>
    <ClInclude Include="ImGui\STB\imstb_truetype.h">
      <Filter>ImGui\STB</Filter>
    </ClInclude>
    <ClInclude Include="Core\MainGUI.h">
      <Filter>Core</Filter>
    </ClInclude>
    <ClInclude Include="Core\AntiAim\AntiAim.h">
      <Filter>Core\AntiAim</Filter>
    </ClInclude>
    <ClInclude Include="Core\Host\Host.h">
      <Filter>Core\Host</Filter>
    </ClInclude>
    <ClInclude Include="Core\TargetList\TargetList.h">
      <Filter>Core\TargetList</Filter>
    </ClInclude>
    <ClInclude Include="Core\Hooks.h">
      <Filter>Core</Filter>
    </ClInclude>
    <ClInclude Include="Core\Packets\Packets.h">
      <Filter>Core\Packets</Filter>
    </ClInclude>
    <ClInclude Include="Core\Drawing\Drawing.h">
      <Filter>Core\Drawing</Filter>
    </ClInclude>
    <ClInclude Include="Core\Console\Console.h">
      <Filter>Core\Console</Filter>
    </ClInclude>
    <ClInclude Include="ImGui\Addons\FileSystem\imguifilesystem.h">
      <Filter>ImGui\Addons\FileSystem</Filter>
    </ClInclude>
    <ClInclude Include="ImGui\Addons\TabWindow\imguitabwindow.h">
      <Filter>ImGui\Addons\TabWindow</Filter>
    </ClInclude>
    <ClInclude Include="Core\Removals\Removals.h">
      <Filter>Core\Removals</Filter>
    </ClInclude>
    <ClInclude Include="ImGui\Fonts\Eurostile_Bold.hpp">
      <Filter>ImGui\Fonts</Filter>
    </ClInclude>
    <ClInclude Include="ImGui\Fonts\Eurostile_Extended.hpp">
      <Filter>ImGui\Fonts</Filter>
    </ClInclude>
    <ClInclude Include="ImGui\Fonts\Eurostile_Regular.hpp">
      <Filter>ImGui\Fonts</Filter>
    </ClInclude>
    <ClInclude Include="Core\Profiler\Profiler.h">
      <Filter>Core\Profiler</Filter>
    </ClInclude>
    <ClInclude Include="Core\Profiler\RapidXML\rapidxml.hpp">
      <Filter>Core\Profiler\RapidXML</Filter>
    </ClInclude>
    <ClInclude Include="Core\Profiler\RapidXML\rapidxml_iterators.hpp">
      <Filter>Core\Profiler\RapidXML</Filter>
    </ClInclude>
    <ClInclude Include="Core\Profiler\RapidXML\rapidxml_print.hpp">
      <Filter>Core\Profiler\RapidXML</Filter>
    </ClInclude>
    <ClInclude Include="Core\Profiler\RapidXML\rapidxml_utils.hpp">
      <Filter>Core\Profiler\RapidXML</Filter>
    </ClInclude>
    <ClInclude Include="Core\Profiler\RapidXML\rapidxml_wrap.hpp">
      <Filter>Core\Profiler\RapidXML</Filter>
    </ClInclude>
    <ClInclude Include="Core\Profiler\RapidXML\Utilities\FileUtility.h">
      <Filter>Core\Profiler\RapidXML\Utilities</Filter>
    </ClInclude>
    <ClInclude Include="Core\Profiler\RapidXML\Utilities\StringUtility.hpp">
      <Filter>Core\Profiler\RapidXML\Utilities</Filter>
    </ClInclude>
    <ClInclude Include="Core\Engine\Helpers.hpp">
      <Filter>Core\Engine</Filter>
    </ClInclude>
    <ClInclude Include="ImGui\imgui_memory_editor.h">
      <Filter>ImGui</Filter>
    </ClInclude>
    <ClInclude Include="ImGui\Addons\WICTextureLoader.h">
      <Filter>ImGui\Addons</Filter>
    </ClInclude>
    <ClInclude Include="Resources\Resource.h">
      <Filter>Resources</Filter>
    </ClInclude>
    <ClInclude Include="Detours\Include\detours.h">
      <Filter>Detours\Include</Filter>
    </ClInclude>
    <ClInclude Include="DirectX\Include\audiodefs.h">
      <Filter>DirectX\Include</Filter>
    </ClInclude>
    <ClInclude Include="DirectX\Include\comdecl.h">
      <Filter>DirectX\Include</Filter>
    </ClInclude>
    <ClInclude Include="DirectX\Include\D2D1.h">
      <Filter>DirectX\Include</Filter>
    </ClInclude>
    <ClInclude Include="DirectX\Include\D2D1Helper.h">
      <Filter>DirectX\Include</Filter>
    </ClInclude>
    <ClInclude Include="DirectX\Include\D2DBaseTypes.h">
      <Filter>DirectX\Include</Filter>
    </ClInclude>
    <ClInclude Include="DirectX\Include\D2Derr.h">
      <Filter>DirectX\Include</Filter>
    </ClInclude>
    <ClInclude Include="DirectX\Include\d3d9.h">
      <Filter>DirectX\Include</Filter>
    </ClInclude>
    <ClInclude Include="DirectX\Include\d3d9caps.h">
      <Filter>DirectX\Include</Filter>
    </ClInclude>
    <ClInclude Include="DirectX\Include\d3d9types.h">
      <Filter>DirectX\Include</Filter>
    </ClInclude>
    <ClInclude Include="DirectX\Include\D3D10.h">
      <Filter>DirectX\Include</Filter>
    </ClInclude>
    <ClInclude Include="DirectX\Include\D3D10_1.h">
      <Filter>DirectX\Include</Filter>
    </ClInclude>
    <ClInclude Include="DirectX\Include\D3D10_1shader.h">
      <Filter>DirectX\Include</Filter>
    </ClInclude>
    <ClInclude Include="DirectX\Include\D3D10effect.h">
      <Filter>DirectX\Include</Filter>
    </ClInclude>
    <ClInclude Include="DirectX\Include\d3d10misc.h">
      <Filter>DirectX\Include</Filter>
    </ClInclude>
    <ClInclude Include="DirectX\Include\d3d10sdklayers.h">
      <Filter>DirectX\Include</Filter>
    </ClInclude>
    <ClInclude Include="DirectX\Include\D3D10shader.h">
      <Filter>DirectX\Include</Filter>
    </ClInclude>
    <ClInclude Include="DirectX\Include\D3D11.h">
      <Filter>DirectX\Include</Filter>
    </ClInclude>
    <ClInclude Include="DirectX\Include\D3D11SDKLayers.h">
      <Filter>DirectX\Include</Filter>
    </ClInclude>
    <ClInclude Include="DirectX\Include\D3D11Shader.h">
      <Filter>DirectX\Include</Filter>
    </ClInclude>
    <ClInclude Include="DirectX\Include\D3Dcommon.h">
      <Filter>DirectX\Include</Filter>
    </ClInclude>
    <ClInclude Include="DirectX\Include\D3Dcompiler.h">
      <Filter>DirectX\Include</Filter>
    </ClInclude>
    <ClInclude Include="DirectX\Include\D3DCSX.h">
      <Filter>DirectX\Include</Filter>
    </ClInclude>
    <ClInclude Include="DirectX\Include\d3dx9.h">
      <Filter>DirectX\Include</Filter>
    </ClInclude>
    <ClInclude Include="DirectX\Include\d3dx9anim.h">
      <Filter>DirectX\Include</Filter>
    </ClInclude>
    <ClInclude Include="DirectX\Include\d3dx9core.h">
      <Filter>DirectX\Include</Filter>
    </ClInclude>
    <ClInclude Include="DirectX\Include\d3dx9effect.h">
      <Filter>DirectX\Include</Filter>
    </ClInclude>
    <ClInclude Include="DirectX\Include\d3dx9math.h">
      <Filter>DirectX\Include</Filter>
    </ClInclude>
    <ClInclude Include="DirectX\Include\d3dx9mesh.h">
      <Filter>DirectX\Include</Filter>
    </ClInclude>
    <ClInclude Include="DirectX\Include\d3dx9shader.h">
      <Filter>DirectX\Include</Filter>
    </ClInclude>
    <ClInclude Include="DirectX\Include\d3dx9shape.h">
      <Filter>DirectX\Include</Filter>
    </ClInclude>
    <ClInclude Include="DirectX\Include\d3dx9tex.h">
      <Filter>DirectX\Include</Filter>
    </ClInclude>
    <ClInclude Include="DirectX\Include\d3dx9xof.h">
      <Filter>DirectX\Include</Filter>
    </ClInclude>
    <ClInclude Include="DirectX\Include\D3DX10.h">
      <Filter>DirectX\Include</Filter>
    </ClInclude>
    <ClInclude Include="DirectX\Include\d3dx10async.h">
      <Filter>DirectX\Include</Filter>
    </ClInclude>
    <ClInclude Include="DirectX\Include\D3DX10core.h">
      <Filter>DirectX\Include</Filter>
    </ClInclude>
    <ClInclude Include="DirectX\Include\D3DX10math.h">
      <Filter>DirectX\Include</Filter>
    </ClInclude>
    <ClInclude Include="DirectX\Include\D3DX10mesh.h">
      <Filter>DirectX\Include</Filter>
    </ClInclude>
    <ClInclude Include="DirectX\Include\D3DX10tex.h">
      <Filter>DirectX\Include</Filter>
    </ClInclude>
    <ClInclude Include="DirectX\Include\D3DX11.h">
      <Filter>DirectX\Include</Filter>
    </ClInclude>
    <ClInclude Include="DirectX\Include\D3DX11async.h">
      <Filter>DirectX\Include</Filter>
    </ClInclude>
    <ClInclude Include="DirectX\Include\D3DX11core.h">
      <Filter>DirectX\Include</Filter>
    </ClInclude>
    <ClInclude Include="DirectX\Include\D3DX11tex.h">
      <Filter>DirectX\Include</Filter>
    </ClInclude>
    <ClInclude Include="DirectX\Include\Dcommon.h">
      <Filter>DirectX\Include</Filter>
    </ClInclude>
    <ClInclude Include="DirectX\Include\dinput.h">
      <Filter>DirectX\Include</Filter>
    </ClInclude>
    <ClInclude Include="DirectX\Include\dinputd.h">
      <Filter>DirectX\Include</Filter>
    </ClInclude>
    <ClInclude Include="DirectX\Include\dsconf.h">
      <Filter>DirectX\Include</Filter>
    </ClInclude>
    <ClInclude Include="DirectX\Include\dsetup.h">
      <Filter>DirectX\Include</Filter>
    </ClInclude>
    <ClInclude Include="DirectX\Include\dsound.h">
      <Filter>DirectX\Include</Filter>
    </ClInclude>
    <ClInclude Include="DirectX\Include\DWrite.h">
      <Filter>DirectX\Include</Filter>
    </ClInclude>
    <ClInclude Include="DirectX\Include\dxdiag.h">
      <Filter>DirectX\Include</Filter>
    </ClInclude>
    <ClInclude Include="DirectX\Include\DxErr.h">
      <Filter>DirectX\Include</Filter>
    </ClInclude>
    <ClInclude Include="DirectX\Include\dxfile.h">
      <Filter>DirectX\Include</Filter>
    </ClInclude>
    <ClInclude Include="DirectX\Include\DXGI.h">
      <Filter>DirectX\Include</Filter>
    </ClInclude>
    <ClInclude Include="DirectX\Include\DXGIFormat.h">
      <Filter>DirectX\Include</Filter>
    </ClInclude>
    <ClInclude Include="DirectX\Include\DXGIType.h">
      <Filter>DirectX\Include</Filter>
    </ClInclude>
    <ClInclude Include="DirectX\Include\dxsdkver.h">
      <Filter>DirectX\Include</Filter>
    </ClInclude>
    <ClInclude Include="DirectX\Include\gameux.h">
      <Filter>DirectX\Include</Filter>
    </ClInclude>
    <ClInclude Include="DirectX\Include\PIXPlugin.h">
      <Filter>DirectX\Include</Filter>
    </ClInclude>
    <ClInclude Include="DirectX\Include\rmxfguid.h">
      <Filter>DirectX\Include</Filter>
    </ClInclude>
    <ClInclude Include="DirectX\Include\rmxftmpl.h">
      <Filter>DirectX\Include</Filter>
    </ClInclude>
    <ClInclude Include="DirectX\Include\rpcsal.h">
      <Filter>DirectX\Include</Filter>
    </ClInclude>
    <ClInclude Include="DirectX\Include\X3DAudio.h">
      <Filter>DirectX\Include</Filter>
    </ClInclude>
    <ClInclude Include="DirectX\Include\xact3.h">
      <Filter>DirectX\Include</Filter>
    </ClInclude>
    <ClInclude Include="DirectX\Include\xact3d3.h">
      <Filter>DirectX\Include</Filter>
    </ClInclude>
    <ClInclude Include="DirectX\Include\xact3wb.h">
      <Filter>DirectX\Include</Filter>
    </ClInclude>
    <ClInclude Include="DirectX\Include\XAPO.h">
      <Filter>DirectX\Include</Filter>
    </ClInclude>
    <ClInclude Include="DirectX\Include\XAPOBase.h">
      <Filter>DirectX\Include</Filter>
    </ClInclude>
    <ClInclude Include="DirectX\Include\XAPOFX.h">
      <Filter>DirectX\Include</Filter>
    </ClInclude>
    <ClInclude Include="DirectX\Include\XAudio2.h">
      <Filter>DirectX\Include</Filter>
    </ClInclude>
    <ClInclude Include="DirectX\Include\XAudio2fx.h">
      <Filter>DirectX\Include</Filter>
    </ClInclude>
    <ClInclude Include="DirectX\Include\XDSP.h">
      <Filter>DirectX\Include</Filter>
    </ClInclude>
    <ClInclude Include="DirectX\Include\XInput.h">
      <Filter>DirectX\Include</Filter>
    </ClInclude>
    <ClInclude Include="DirectX\Include\xma2defs.h">
      <Filter>DirectX\Include</Filter>
    </ClInclude>
    <ClInclude Include="DirectX\Include\xnamath.h">
      <Filter>DirectX\Include</Filter>
    </ClInclude>
    <ClInclude Include="StdAfx.hpp" />
  </ItemGroup>
  <ItemGroup>
    <Filter Include="Core">
      <UniqueIdentifier>{2949f16c-f9ed-456a-9b9f-1e7289b1de5e}</UniqueIdentifier>
    </Filter>
    <Filter Include="ImGui">
      <UniqueIdentifier>{695422c0-52c0-481f-a8b6-b8a69fbacdf6}</UniqueIdentifier>
    </Filter>
    <Filter Include="Core\Aimbot">
      <UniqueIdentifier>{5d7ba77f-6dea-488f-b37b-a7a4a465f9c3}</UniqueIdentifier>
    </Filter>
    <Filter Include="Core\Engine">
      <UniqueIdentifier>{b5862810-b0ff-4573-a155-ea5ef4d5754a}</UniqueIdentifier>
    </Filter>
    <Filter Include="Core\Autowall">
      <UniqueIdentifier>{8250d503-2e26-474a-95ee-881e80e6138a}</UniqueIdentifier>
    </Filter>
    <Filter Include="Core\Mathematics">
      <UniqueIdentifier>{5c076c32-a3c1-43b2-930b-68a82efc7013}</UniqueIdentifier>
    </Filter>
    <Filter Include="ImGui\Addons">
      <UniqueIdentifier>{4488e425-b444-41dc-994c-f2910977e30c}</UniqueIdentifier>
    </Filter>
    <Filter Include="ImGui\Fonts">
      <UniqueIdentifier>{5e52d790-72f4-4d8f-a2ac-07d9dfbe8933}</UniqueIdentifier>
    </Filter>
    <Filter Include="ImGui\STB">
      <UniqueIdentifier>{c4e25379-f1a9-4d49-b5f2-e3d9523892b3}</UniqueIdentifier>
    </Filter>
    <Filter Include="ImGui\Win32">
      <UniqueIdentifier>{319b59fb-ec88-41a6-8e87-6b9546bb6b47}</UniqueIdentifier>
    </Filter>
    <Filter Include="Core\AntiAim">
      <UniqueIdentifier>{cfd68a27-756a-4738-b0b5-14fdee617ad1}</UniqueIdentifier>
    </Filter>
    <Filter Include="Core\Host">
      <UniqueIdentifier>{e36ab113-cb6a-41ef-bfe5-e5e08648c68e}</UniqueIdentifier>
    </Filter>
    <Filter Include="Core\TargetList">
      <UniqueIdentifier>{37f0019f-014e-4dcb-9e14-92a4270a887a}</UniqueIdentifier>
    </Filter>
    <Filter Include="ImGui\DX11">
      <UniqueIdentifier>{bf3bbfde-2c8c-4cf8-b941-825b4afccd0f}</UniqueIdentifier>
    </Filter>
    <Filter Include="Core\Packets">
      <UniqueIdentifier>{2fff47db-fca1-4e38-bdf8-b6ae05cab4f2}</UniqueIdentifier>
    </Filter>
    <Filter Include="Core\Console">
      <UniqueIdentifier>{98e09168-20ba-40de-aefb-591f9207772f}</UniqueIdentifier>
    </Filter>
    <Filter Include="Core\Drawing">
      <UniqueIdentifier>{3cd9765a-477d-43b7-b67a-de57f1e09951}</UniqueIdentifier>
    </Filter>
    <Filter Include="ImGui\Addons\FileSystem">
      <UniqueIdentifier>{6c26b5b2-320c-40b2-aac9-e77c3ceda27d}</UniqueIdentifier>
    </Filter>
    <Filter Include="ImGui\Addons\TabWindow">
      <UniqueIdentifier>{40e82425-fdb5-40b2-ada1-0e941d4a0724}</UniqueIdentifier>
    </Filter>
    <Filter Include="Core\Removals">
      <UniqueIdentifier>{a6b94795-b0fe-4ae8-a18d-7e27b8e024ba}</UniqueIdentifier>
    </Filter>
    <Filter Include="Core\Profiler">
      <UniqueIdentifier>{70d1243c-e846-4c84-975b-f76e7b915992}</UniqueIdentifier>
    </Filter>
    <Filter Include="Core\Profiler\RapidXML">
      <UniqueIdentifier>{77f35fe4-9d04-4ad6-b45d-aa173c2e43ff}</UniqueIdentifier>
    </Filter>
    <Filter Include="Core\Profiler\RapidXML\Utilities">
      <UniqueIdentifier>{90cc76e7-a097-4e4d-80f4-c72fc5795cc2}</UniqueIdentifier>
    </Filter>
    <Filter Include="Resources">
      <UniqueIdentifier>{4d2bb48d-9517-4a2c-9d7b-cfbf3c137751}</UniqueIdentifier>
    </Filter>
    <Filter Include="Detours">
      <UniqueIdentifier>{ad413b96-4c12-47b7-9fe1-8c1631de1dd0}</UniqueIdentifier>
    </Filter>
    <Filter Include="Detours\Include">
      <UniqueIdentifier>{f986bd87-edb3-4174-8d19-baae2623c816}</UniqueIdentifier>
    </Filter>
    <Filter Include="Detours\Lib">
      <UniqueIdentifier>{835d450a-a24b-4b2a-8ac1-bdbfd17a723e}</UniqueIdentifier>
    </Filter>
    <Filter Include="Detours\Lib\x86">
      <UniqueIdentifier>{9649c4f0-1d0f-4dec-b7b3-b4bedc6b3698}</UniqueIdentifier>
    </Filter>
    <Filter Include="Detours\Lib\x64">
      <UniqueIdentifier>{102199c4-fa1c-41e6-a6ed-b391887f858e}</UniqueIdentifier>
    </Filter>
    <Filter Include="DirectX">
      <UniqueIdentifier>{689291d5-bcd5-45e0-977b-9c3fda034ade}</UniqueIdentifier>
    </Filter>
    <Filter Include="DirectX\Include">
      <UniqueIdentifier>{232ce0ed-ad43-4a2c-affb-8bc1ac05cf13}</UniqueIdentifier>
    </Filter>
    <Filter Include="DirectX\x86">
      <UniqueIdentifier>{53a50695-03d6-4b42-b30c-01e145d77327}</UniqueIdentifier>
    </Filter>
    <Filter Include="DirectX\x64">
      <UniqueIdentifier>{934cc4a3-ffc4-45c9-85be-cdde6e92210b}</UniqueIdentifier>
    </Filter>
  </ItemGroup>
  <ItemGroup>
    <Image Include="Resources\Resource.png">
      <Filter>Resources</Filter>
    </Image>
  </ItemGroup>
  <ItemGroup>
    <ResourceCompile Include="Resources\Resource.rc">
      <Filter>Resources</Filter>
    </ResourceCompile>
  </ItemGroup>
  <ItemGroup>
    <Library Include="Detours\Lib\x86\detours.lib">
      <Filter>Detours\Lib\x86</Filter>
    </Library>
    <Library Include="Detours\Lib\x64\detours.lib">
      <Filter>Detours\Lib\x64</Filter>
    </Library>
    <Library Include="DirectX\Lib\x86\d2d1.lib">
      <Filter>DirectX\x86</Filter>
    </Library>
    <Library Include="DirectX\Lib\x86\d3d9.lib">
      <Filter>DirectX\x86</Filter>
    </Library>
    <Library Include="DirectX\Lib\x86\d3d10.lib">
      <Filter>DirectX\x86</Filter>
    </Library>
    <Library Include="DirectX\Lib\x86\d3d10_1.lib">
      <Filter>DirectX\x86</Filter>
    </Library>
    <Library Include="DirectX\Lib\x86\d3d11.lib">
      <Filter>DirectX\x86</Filter>
    </Library>
    <Library Include="DirectX\Lib\x86\d3dcompiler.lib">
      <Filter>DirectX\x86</Filter>
    </Library>
    <Library Include="DirectX\Lib\x86\D3DCSX.lib">
      <Filter>DirectX\x86</Filter>
    </Library>
    <Library Include="DirectX\Lib\x86\D3DCSXd.lib">
      <Filter>DirectX\x86</Filter>
    </Library>
    <Library Include="DirectX\Lib\x86\d3dx9.lib">
      <Filter>DirectX\x86</Filter>
    </Library>
    <Library Include="DirectX\Lib\x86\d3dx9d.lib">
      <Filter>DirectX\x86</Filter>
    </Library>
    <Library Include="DirectX\Lib\x86\d3dx10.lib">
      <Filter>DirectX\x86</Filter>
    </Library>
    <Library Include="DirectX\Lib\x86\d3dx10d.lib">
      <Filter>DirectX\x86</Filter>
    </Library>
    <Library Include="DirectX\Lib\x86\d3dx11.lib">
      <Filter>DirectX\x86</Filter>
    </Library>
    <Library Include="DirectX\Lib\x86\d3dx11d.lib">
      <Filter>DirectX\x86</Filter>
    </Library>
    <Library Include="DirectX\Lib\x86\d3dxof.lib">
      <Filter>DirectX\x86</Filter>
    </Library>
    <Library Include="DirectX\Lib\x86\dinput8.lib">
      <Filter>DirectX\x86</Filter>
    </Library>
    <Library Include="DirectX\Lib\x86\dsetup.lib">
      <Filter>DirectX\x86</Filter>
    </Library>
    <Library Include="DirectX\Lib\x86\dsound.lib">
      <Filter>DirectX\x86</Filter>
    </Library>
    <Library Include="DirectX\Lib\x86\dwrite.lib">
      <Filter>DirectX\x86</Filter>
    </Library>
    <Library Include="DirectX\Lib\x86\DxErr.lib">
      <Filter>DirectX\x86</Filter>
    </Library>
    <Library Include="DirectX\Lib\x86\dxgi.lib">
      <Filter>DirectX\x86</Filter>
    </Library>
    <Library Include="DirectX\Lib\x86\dxguid.lib">
      <Filter>DirectX\x86</Filter>
    </Library>
    <Library Include="DirectX\Lib\x86\X3DAudio.lib">
      <Filter>DirectX\x86</Filter>
    </Library>
    <Library Include="DirectX\Lib\x86\xapobase.lib">
      <Filter>DirectX\x86</Filter>
    </Library>
    <Library Include="DirectX\Lib\x86\xapobased.lib">
      <Filter>DirectX\x86</Filter>
    </Library>
    <Library Include="DirectX\Lib\x86\XAPOFX.lib">
      <Filter>DirectX\x86</Filter>
    </Library>
    <Library Include="DirectX\Lib\x86\XInput.lib">
      <Filter>DirectX\x86</Filter>
    </Library>
    <Library Include="DirectX\Lib\x64\d2d1.lib">
      <Filter>DirectX\x64</Filter>
    </Library>
    <Library Include="DirectX\Lib\x64\d3d9.lib">
      <Filter>DirectX\x64</Filter>
    </Library>
    <Library Include="DirectX\Lib\x64\d3d10.lib">
      <Filter>DirectX\x64</Filter>
    </Library>
    <Library Include="DirectX\Lib\x64\d3d10_1.lib">
      <Filter>DirectX\x64</Filter>
    </Library>
    <Library Include="DirectX\Lib\x64\d3d11.lib">
      <Filter>DirectX\x64</Filter>
    </Library>
    <Library Include="DirectX\Lib\x64\d3dcompiler.lib">
      <Filter>DirectX\x64</Filter>
    </Library>
    <Library Include="DirectX\Lib\x64\D3DCSX.lib">
      <Filter>DirectX\x64</Filter>
    </Library>
    <Library Include="DirectX\Lib\x64\D3DCSXd.lib">
      <Filter>DirectX\x64</Filter>
    </Library>
    <Library Include="DirectX\Lib\x64\d3dx9.lib">
      <Filter>DirectX\x64</Filter>
    </Library>
    <Library Include="DirectX\Lib\x64\d3dx9d.lib">
      <Filter>DirectX\x64</Filter>
    </Library>
    <Library Include="DirectX\Lib\x64\d3dx10.lib">
      <Filter>DirectX\x64</Filter>
    </Library>
    <Library Include="DirectX\Lib\x64\d3dx10d.lib">
      <Filter>DirectX\x64</Filter>
    </Library>
    <Library Include="DirectX\Lib\x64\d3dx11.lib">
      <Filter>DirectX\x64</Filter>
    </Library>
    <Library Include="DirectX\Lib\x64\d3dx11d.lib">
      <Filter>DirectX\x64</Filter>
    </Library>
    <Library Include="DirectX\Lib\x64\d3dxof.lib">
      <Filter>DirectX\x64</Filter>
    </Library>
    <Library Include="DirectX\Lib\x64\dinput8.lib">
      <Filter>DirectX\x64</Filter>
    </Library>
    <Library Include="DirectX\Lib\x64\dsound.lib">
      <Filter>DirectX\x64</Filter>
    </Library>
    <Library Include="DirectX\Lib\x64\dwrite.lib">
      <Filter>DirectX\x64</Filter>
    </Library>
    <Library Include="DirectX\Lib\x64\DxErr.lib">
      <Filter>DirectX\x64</Filter>
    </Library>
    <Library Include="DirectX\Lib\x64\dxgi.lib">
      <Filter>DirectX\x64</Filter>
    </Library>
    <Library Include="DirectX\Lib\x64\dxguid.lib">
      <Filter>DirectX\x64</Filter>
    </Library>
    <Library Include="DirectX\Lib\x64\X3DAudio.lib">
      <Filter>DirectX\x64</Filter>
    </Library>
    <Library Include="DirectX\Lib\x64\xapobase.lib">
      <Filter>DirectX\x64</Filter>
    </Library>
    <Library Include="DirectX\Lib\x64\xapobased.lib">
      <Filter>DirectX\x64</Filter>
    </Library>
    <Library Include="DirectX\Lib\x64\XAPOFX.lib">
      <Filter>DirectX\x64</Filter>
    </Library>
    <Library Include="DirectX\Lib\x64\XInput.lib">
      <Filter>DirectX\x64</Filter>
    </Library>
  </ItemGroup>
  <ItemGroup>
    <None Include="Detours\Lib\x86\detours.pdb">
      <Filter>Detours\Lib\x86</Filter>
    </None>
    <None Include="Detours\Lib\x64\detours.pdb">
      <Filter>Detours\Lib\x64</Filter>
    </None>
    <None Include="DirectX\Include\D3DX_DXGIFormatConvert.inl">
      <Filter>DirectX\Include</Filter>
    </None>
    <None Include="DirectX\Include\d3dx9math.inl">
      <Filter>DirectX\Include</Filter>
    </None>
    <None Include="DirectX\Include\D3DX10math.inl">
      <Filter>DirectX\Include</Filter>
    </None>
    <None Include="DirectX\Include\xnamathconvert.inl">
      <Filter>DirectX\Include</Filter>
    </None>
    <None Include="DirectX\Include\xnamathmatrix.inl">
      <Filter>DirectX\Include</Filter>
    </None>
    <None Include="DirectX\Include\xnamathmisc.inl">
      <Filter>DirectX\Include</Filter>
    </None>
    <None Include="DirectX\Include\xnamathvector.inl">
      <Filter>DirectX\Include</Filter>
    </None>
  </ItemGroup>
</Project>